
Microsoft Visual Studio Solution File, Format Version 12.00
# Visual Studio Version 17
VisualStudioVersion = 17.2.32526.322
MinimumVisualStudioVersion = 10.0.40219.1
Project("{9A19103F-16F7-4668-BE54-9A1E7A4F7556}") = "CVirtual.Data", "CVirtual.Data\CVirtual.Data.csproj", "{80547B3E-0013-4D11-9239-5F67AB75005F}"
EndProject
Project("{9A19103F-16F7-4668-BE54-9A1E7A4F7556}") = "CVirtual.Shared", "CVirtual.Shared\CVirtual.Shared.csproj", "{75BA4D4A-3472-4992-BC21-CDF802004E29}"
EndProject
Project("{FAE04EC0-301F-11D3-BF4B-00C04F79EFBC}") = "CVirtual", "CVirtual\CVirtual.csproj", "{BD9C4B8F-62E3-4A9D-9E09-5EB8136A99B6}"
EndProject
Global
	GlobalSection(SolutionConfigurationPlatforms) = preSolution
		Debug|Any CPU = Debug|Any CPU
		Release|Any CPU = Release|Any CPU
	EndGlobalSection
	GlobalSection(ProjectConfigurationPlatforms) = postSolution
		{80547B3E-0013-4D11-9239-5F67AB75005F}.Debug|Any CPU.ActiveCfg = Debug|Any CPU
		{80547B3E-0013-4D11-9239-5F67AB75005F}.Debug|Any CPU.Build.0 = Debug|Any CPU
		{80547B3E-0013-4D11-9239-5F67AB75005F}.Release|Any CPU.ActiveCfg = Release|Any CPU
		{80547B3E-0013-4D11-9239-5F67AB75005F}.Release|Any CPU.Build.0 = Release|Any CPU
		{75BA4D4A-3472-4992-BC21-CDF802004E29}.Debug|Any CPU.ActiveCfg = Debug|Any CPU
		{75BA4D4A-3472-4992-BC21-CDF802004E29}.Debug|Any CPU.Build.0 = Debug|Any CPU
		{75BA4D4A-3472-4992-BC21-CDF802004E29}.Release|Any CPU.ActiveCfg = Release|Any CPU
		{75BA4D4A-3472-4992-BC21-CDF802004E29}.Release|Any CPU.Build.0 = Release|Any CPU
		{BD9C4B8F-62E3-4A9D-9E09-5EB8136A99B6}.Debug|Any CPU.ActiveCfg = Debug|Any CPU
		{BD9C4B8F-62E3-4A9D-9E09-5EB8136A99B6}.Debug|Any CPU.Build.0 = Debug|Any CPU
		{BD9C4B8F-62E3-4A9D-9E09-5EB8136A99B6}.Release|Any CPU.ActiveCfg = Release|Any CPU
		{BD9C4B8F-62E3-4A9D-9E09-5EB8136A99B6}.Release|Any CPU.Build.0 = Release|Any CPU
	EndGlobalSection
	GlobalSection(SolutionProperties) = preSolution
		HideSolutionNode = FALSE
	EndGlobalSection
	GlobalSection(ExtensibilityGlobals) = postSolution
		SolutionGuid = {4EE6C454-4B78-4C6A-B5E4-0DA0FDFFAB89}
	EndGlobalSection
EndGlobal
