
Microsoft Visual Studio Solution File, Format Version 12.00
# Visual Studio Version 16
VisualStudioVersion = 16.0.29519.181
MinimumVisualStudioVersion = 10.0.40219.1
Project("{FAE04EC0-301F-11D3-BF4B-00C04F79EFBC}") = "UI", "UI\UI.csproj", "{BD9C4B8F-62E3-4A9D-9E09-5EB8136A99B6}"
EndProject
Project("{9A19103F-16F7-4668-BE54-9A1E7A4F7556}") = "DAL", "DAL\DAL.csproj", "{75E46CF5-E8A5-4CBF-8F53-CBA9A2A26592}"
EndProject
Project("{9A19103F-16F7-4668-BE54-9A1E7A4F7556}") = "Model", "Model\Model.csproj", "{C589CAC6-E5CA-4CDA-A415-4F82466DA6D1}"
EndProject
Project("{9A19103F-16F7-4668-BE54-9A1E7A4F7556}") = "Controller", "Controller\Controller.csproj", "{9FD2D637-423E-4662-A26B-C5EFD1ADD52F}"
EndProject
Project("{9A19103F-16F7-4668-BE54-9A1E7A4F7556}") = "ConsoleApp", "ConsoleApp\ConsoleApp.csproj", "{5DD3E8B8-ACFE-4A80-83CC-0BE695668304}"
EndProject
Global
	GlobalSection(SolutionConfigurationPlatforms) = preSolution
		Debug|Any CPU = Debug|Any CPU
		Release|Any CPU = Release|Any CPU
	EndGlobalSection
	GlobalSection(ProjectConfigurationPlatforms) = postSolution
		{BD9C4B8F-62E3-4A9D-9E09-5EB8136A99B6}.Debug|Any CPU.ActiveCfg = Debug|Any CPU
		{BD9C4B8F-62E3-4A9D-9E09-5EB8136A99B6}.Debug|Any CPU.Build.0 = Debug|Any CPU
		{BD9C4B8F-62E3-4A9D-9E09-5EB8136A99B6}.Release|Any CPU.ActiveCfg = Release|Any CPU
		{BD9C4B8F-62E3-4A9D-9E09-5EB8136A99B6}.Release|Any CPU.Build.0 = Release|Any CPU
		{75E46CF5-E8A5-4CBF-8F53-CBA9A2A26592}.Debug|Any CPU.ActiveCfg = Debug|Any CPU
		{75E46CF5-E8A5-4CBF-8F53-CBA9A2A26592}.Debug|Any CPU.Build.0 = Debug|Any CPU
		{75E46CF5-E8A5-4CBF-8F53-CBA9A2A26592}.Release|Any CPU.ActiveCfg = Release|Any CPU
		{75E46CF5-E8A5-4CBF-8F53-CBA9A2A26592}.Release|Any CPU.Build.0 = Release|Any CPU
		{C589CAC6-E5CA-4CDA-A415-4F82466DA6D1}.Debug|Any CPU.ActiveCfg = Debug|Any CPU
		{C589CAC6-E5CA-4CDA-A415-4F82466DA6D1}.Debug|Any CPU.Build.0 = Debug|Any CPU
		{C589CAC6-E5CA-4CDA-A415-4F82466DA6D1}.Release|Any CPU.ActiveCfg = Release|Any CPU
		{C589CAC6-E5CA-4CDA-A415-4F82466DA6D1}.Release|Any CPU.Build.0 = Release|Any CPU
		{9FD2D637-423E-4662-A26B-C5EFD1ADD52F}.Debug|Any CPU.ActiveCfg = Debug|Any CPU
		{9FD2D637-423E-4662-A26B-C5EFD1ADD52F}.Debug|Any CPU.Build.0 = Debug|Any CPU
		{9FD2D637-423E-4662-A26B-C5EFD1ADD52F}.Release|Any CPU.ActiveCfg = Release|Any CPU
		{9FD2D637-423E-4662-A26B-C5EFD1ADD52F}.Release|Any CPU.Build.0 = Release|Any CPU
		{5DD3E8B8-ACFE-4A80-83CC-0BE695668304}.Debug|Any CPU.ActiveCfg = Debug|Any CPU
		{5DD3E8B8-ACFE-4A80-83CC-0BE695668304}.Debug|Any CPU.Build.0 = Debug|Any CPU
		{5DD3E8B8-ACFE-4A80-83CC-0BE695668304}.Release|Any CPU.ActiveCfg = Release|Any CPU
		{5DD3E8B8-ACFE-4A80-83CC-0BE695668304}.Release|Any CPU.Build.0 = Release|Any CPU
	EndGlobalSection
	GlobalSection(SolutionProperties) = preSolution
		HideSolutionNode = FALSE
	EndGlobalSection
	GlobalSection(ExtensibilityGlobals) = postSolution
		SolutionGuid = {4EE6C454-4B78-4C6A-B5E4-0DA0FDFFAB89}
	EndGlobalSection
EndGlobal
